symfony 18d3dfe0bfba6533f4cd70015546fa174d6aab4b
twig 8c086d7560ae01f3f4a12d56df7862c67a6061b0
monolog 5267b03b1e4861c4657ede17a88f13ef479db482
doctrine-common ef431a14852d7e8f2d0ea789487509ab266e5ce2
doctrine-mongodb 8ecdda68fb0a8ea2eb8cd32aa0ce433c5638cb4e
doctrine-mongodb-odm 06e761e77844c3048b05b76a5ed122ca0e33360c
doctrine-data-fixtures 4a8464ef83093de2378cef2770e13da7e4858ffc
assetic 44abd94dc388eaa7680ed170916cbde9607733c8
imagine e3dff63fbcfc7573d6906159d5f61102bbbcecc9
metadata f88e63448fda6199d03cbd52c36faa610c40bec5
pagerfanta 8d9c215df83518b736376cfcae15a95872d8eb55
elastica 136b09c684879e7d6bb598c4b33c06aa1388bc2f
gaufrette b6b479fb10c6b227cfe36a0c9a4fc187c6e2abd7
doctrine-extensions e702c728dbc46b02cceb6a92264d7e4cf1cec102
zend-service b4cdbcc5b0554c96fe464293e49d565ee53042c8
zend-uri 39a3eb0e57d6a5af0b83da075c1f35a348008bc2
zend-validator 36355c2f7864e8babd644ecbe08397775b92961b
zend-http e0818fed9d094fc0848c97bc6289deab4429ba3b
SensioDistributionBundle 029151792beac272548fe9df183e15b9be521870
SensioGeneratorBundle 019aa5ab8ed5017bb27b39f04cf2a659ff31ef74
AsseticBundle 19a2bbfa38eb9e124a168309df62467a3c285006
DoctrineMongoDBBundle 7c5f880fa4aab4005b439c08caf411a27fb7165c
DoctrineFixturesBundle 275e33be3ed4aa76afc21ff0aa5517b0e4795ba1
ApcBundle c325435fb20eade3819b46ecf0d931616f15c5e8
FOSUserBundle ce316132d0701fd96cac7df3b1998be0d4986ac7
FOSCommentBundle 045f3390c957bc0f04ac14d1a72e943024dcc05c
FOQElasticaBundle 5ced74641d08dc91a3c81792e1168ed26ffd8d94
AkismetBundle 459e2d87ef4c426154d9d54036235bcef4e1c1ad
PagerfantaBundle 3c660273cbd609baae92e2c9d8b39cbbaa0dd3eb
ImagineBundle 1b7d587ba84a0d3505493acc9608a47aa203632f
GaufretteBundle 6ca918cc2631415ee623ac3cb73e2941f9d62dec
MarkdownBundle 9a45c697d018c89a582a74440b29a797e531569b