symfony 1103ca8185306d426fa441860b435399795abfa5
twig 5446d45f6e310c0287cfd60fe9c9436dab9ade27
monolog b1a6830a8c71595769d1463f18a745dee65e830c
doctrine-common 5e8ecd542a3ca30af4700379fc3411c59abcb377
doctrine-mongodb 8ecdda68fb0a8ea2eb8cd32aa0ce433c5638cb4e
doctrine-mongodb-odm e8d5d1eb39c2f472fc7af3d98ba02db4da8f3f62
doctrine-data-fixtures 76f8221609129651937f52553f3e1b2bd915fd3e
assetic 9448e9a5f746e27f50ff45c0d5d07b9d1c7264f4
imagine cba67ff50904e5dab01f50aabb1dda892026ff26
metadata d3bd50faa568aa3300fdacdb98ae5dca1f902d46
pagerfanta 320c794ba4862321ca360d3acc430a06b2d0e788
elastica a5ae277ee25fa2f029d290f4d53ced6710385584
gaufrette d8d3c97d4d2b0f1583eb3331ab8f1b12a98990e8
doctrine-extensions a4e25dcf884b1e8a7d92d4e6bddfc8aadf362f7f
zend-service b4cdbcc5b0554c96fe464293e49d565ee53042c8
zend-uri 39a3eb0e57d6a5af0b83da075c1f35a348008bc2
zend-validator 36355c2f7864e8babd644ecbe08397775b92961b
zend-http e0818fed9d094fc0848c97bc6289deab4429ba3b
SensioDistributionBundle 2082cb99d408fd89243059c6eff866347ec00bbe
SensioGeneratorBundle 88ecf05691825c81b6a19ca6e2dc1849f1a5dcd4
AsseticBundle 41b5913b5086a0909af92adcb4a6005ee0051b16
DoctrineMongoDBBundle 7c5f880fa4aab4005b439c08caf411a27fb7165c
DoctrineFixturesBundle a66be2f077f3a4e5c3801b356b42b8782f1abbd6
ApcBundle c325435fb20eade3819b46ecf0d931616f15c5e8
FOSUserBundle 6cc5ebb8cf4c3e4ae0e380009e8e5043c28aa9d0
FOSCommentBundle e46e71f823c921d24728268103d37e3766f99b8a
FOQElasticaBundle 14db48ddbd988ba6099724ec6c3343cb7b5520f1
AkismetBundle b29422899d385ba8f5bc5cac96e7ac0aef6c0a19
PagerfantaBundle 3c660273cbd609baae92e2c9d8b39cbbaa0dd3eb
ImagineBundle 1b7d587ba84a0d3505493acc9608a47aa203632f
GaufretteBundle 6ca918cc2631415ee623ac3cb73e2941f9d62dec
MarkdownBundle 9a45c697d018c89a582a74440b29a797e531569b
bootstrap 68605bdd51760a929cc661607f06f479c53b0bee